// !$*UTF8*$!
{
	archiveVersion = 1;
	classes = {
	};
	objectVersion = 77;
	objects = {

/* Begin PBXBuildFile section */
		64D8462E2DA049B40003CAC1 /* LaunchScreen.storyboard in Resources */ = {isa = PBXBuildFile; fileRef = 64D8462D2DA049B40003CAC1 /* LaunchScreen.storyboard */; };
		64F78A932D9787AD00925FE8 /* Libsql in Frameworks */ = {isa = PBXBuildFile; productRef = 64F78A922D9787AD00925FE8 /* Libsql */; };
		64F78B3A2D989BD700925FE8 /* OpenAI in Frameworks */ = {isa = PBXBuildFile; productRef = 64F78B392D989BD700925FE8 /* OpenAI */; };
/* End PBXBuildFile section */

/* Begin PBXFileReference section */
		6483FB4C2D8E9E5100E8EA20 /* NoteToSelf-v0_test.app */ = {isa = PBXFileReference; explicitFileType = wrapper.application; includeInIndex = 0; path = "NoteToSelf-v0_test.app"; sourceTree = BUILT_PRODUCTS_DIR; };
		64D8462D2DA049B40003CAC1 /* LaunchScreen.storyboard */ = {isa = PBXFileReference; lastKnownFileType = file.storyboard; path = LaunchScreen.storyboard; sourceTree = "<group>"; };
/* End PBXFileReference section */

/* Begin PBXFileSystemSynchronizedBuildFileExceptionSet section */
		64D8461B2D9EFE190003CAC1 /* Exceptions for "NoteToSelf-v0_test" folder in "NoteToSelf-v0_test" target */ = {
			isa = PBXFileSystemSynchronizedBuildFileExceptionSet;
			membershipExceptions = (
				"Docs/17_libSQL Vector Search.md",
				"Docs/17b_libSQL Implementation Plan.md",
				"Docs/18_Backend Service Integration Plan.md",
				"Docs/19_Privacy Standard.md",
				"Docs/20_AI Insight Generation Plan.md",
				"Docs/21_Theming System Implementation Plan.md",
				"Insights/Insight-Cards/Insight-Cards-Hide/CalendarInsightCard.swift",
				"Insights/Insight-Cards/Insight-Cards-Hide/CARDS-README.md",
				"Insights/Insight-Cards/Insight-Cards-Hide/MoodDistributionInsightCard.swift",
				"Insights/Insight-Cards/Insight-Cards-Hide/SentimentAnalysisInsightCard.swift",
				"Insights/Insight-Cards/Insight-Cards-Hide/TopicAnalysisInsightCard.swift",
				"Insights/Insight-Cards/Insight-Cards-Hide/WeeklyInsightCard.swift",
				"Insights/Insight-Cards/Insight-Cards-Hide/WordCountInsightCard.swift",
				"Insights/Insight-Cards/Insight-Cards-Hide/WritingConsistencyInsightCard.swift",
				"Insights/insight-Detail/Insight-Detail-Hide/CalendarDetailContent.swift",
				"Insights/insight-Detail/Insight-Detail-Hide/DETAIL-README.md",
				"Insights/insight-Detail/Insight-Detail-Hide/JournalEntryDetailContent.swift",
				"Insights/insight-Detail/Insight-Detail-Hide/MoodDistributionDetailContent.swift",
				"Insights/insight-Detail/Insight-Detail-Hide/SentimentAnalysisDetailContent.swift",
				"Insights/insight-Detail/Insight-Detail-Hide/TopicAnalysisDetailContent.swift",
				"Insights/insight-Detail/Insight-Detail-Hide/WeeklyPatternsDetailContent.swift",
				"Insights/insight-Detail/Insight-Detail-Hide/WordCountDetailContent.swift",
				"Insights/insight-Detail/Insight-Detail-Hide/WritingConsistencyDetailContent.swift",
			);
			target = 6483FB4B2D8E9E5100E8EA20 /* NoteToSelf-v0_test */;
		};
/* End PBXFileSystemSynchronizedBuildFileExceptionSet section */

/* Begin PBXFileSystemSynchronizedRootGroup section */
		6483FB4E2D8E9E5100E8EA20 /* NoteToSelf-v0_test */ = {
			isa = PBXFileSystemSynchronizedRootGroup;
			exceptions = (
				64D8461B2D9EFE190003CAC1 /* Exceptions for "NoteToSelf-v0_test" folder in "NoteToSelf-v0_test" target */,
			);
			path = "NoteToSelf-v0_test";
			sourceTree = "<group>";
		};
/* End PBXFileSystemSynchronizedRootGroup section */

/* Begin PBXFrameworksBuildPhase section */
		6483FB492D8E9E5100E8EA20 /* Frameworks */ = {
			isa = PBXFrameworksBuildPhase;
			buildActionMask = 2147483647;
			files = (
				64F78B3A2D989BD700925FE8 /* OpenAI in Frameworks */,
				64F78A932D9787AD00925FE8 /* Libsql in Frameworks */,
			);
			runOnlyForDeploymentPostprocessing = 0;
		};
/* End PBXFrameworksBuildPhase section */

/* Begin PBXGroup section */
		6483FB432D8E9E5100E8EA20 = {
			isa = PBXGroup;
			children = (
				64D8462D2DA049B40003CAC1 /* LaunchScreen.storyboard */,
				6483FB4E2D8E9E5100E8EA20 /* NoteToSelf-v0_test */,
				6483FB4D2D8E9E5100E8EA20 /* Products */,
			);
			sourceTree = "<group>";
		};
		6483FB4D2D8E9E5100E8EA20 /* Products */ = {
			isa = PBXGroup;
			children = (
				6483FB4C2D8E9E5100E8EA20 /* NoteToSelf-v0_test.app */,
			);
			name = Products;
			sourceTree = "<group>";
		};
/* End PBXGroup section */

/* Begin PBXNativeTarget section */
		6483FB4B2D8E9E5100E8EA20 /* NoteToSelf-v0_test */ = {
			isa = PBXNativeTarget;
			buildConfigurationList = 6483FB5A2D8E9E5300E8EA20 /* Build configuration list for PBXNativeTarget "NoteToSelf-v0_test" */;
			buildPhases = (
				6483FB482D8E9E5100E8EA20 /* Sources */,
				6483FB492D8E9E5100E8EA20 /* Frameworks */,
				6483FB4A2D8E9E5100E8EA20 /* Resources */,
			);
			buildRules = (
			);
			dependencies = (
				64F78A952D9787E600925FE8 /* PBXTargetDependency */,
			);
			fileSystemSynchronizedGroups = (
				6483FB4E2D8E9E5100E8EA20 /* NoteToSelf-v0_test */,
			);
			name = "NoteToSelf-v0_test";
			packageProductDependencies = (
				64F78A922D9787AD00925FE8 /* Libsql */,
				64F78B392D989BD700925FE8 /* OpenAI */,
			);
			productName = "NoteToSelf-v0_test";
			productReference = 6483FB4C2D8E9E5100E8EA20 /* NoteToSelf-v0_test.app */;
			productType = "com.apple.product-type.application";
		};
/* End PBXNativeTarget section */

/* Begin PBXProject section */
		6483FB442D8E9E5100E8EA20 /* Project object */ = {
			isa = PBXProject;
			attributes = {
				BuildIndependentTargetsInParallel = 1;
				LastSwiftUpdateCheck = 1620;
				LastUpgradeCheck = 1620;
				TargetAttributes = {
					6483FB4B2D8E9E5100E8EA20 = {
						CreatedOnToolsVersion = 16.2;
					};
				};
			};
			buildConfigurationList = 6483FB472D8E9E5100E8EA20 /* Build configuration list for PBXProject "NoteToSelf-v0_test" */;
			developmentRegion = en;
			hasScannedForEncodings = 0;
			knownRegions = (
				en,
				Base,
			);
			mainGroup = 6483FB432D8E9E5100E8EA20;
			minimizedProjectReferenceProxies = 1;
			packageReferences = (
				64F78A912D9787AD00925FE8 /* XCRemoteSwiftPackageReference "libsql-swift" */,
				64F78B382D989BD700925FE8 /* XCRemoteSwiftPackageReference "swift-openai-responses" */,
			);
			preferredProjectObjectVersion = 77;
			productRefGroup = 6483FB4D2D8E9E5100E8EA20 /* Products */;
			projectDirPath = "";
			projectRoot = "";
			targets = (
				6483FB4B2D8E9E5100E8EA20 /* NoteToSelf-v0_test */,
			);
		};
/* End PBXProject section */

/* Begin PBXResourcesBuildPhase section */
		6483FB4A2D8E9E5100E8EA20 /* Resources */ = {
			isa = PBXResourcesBuildPhase;
			buildActionMask = 2147483647;
			files = (
				64D8462E2DA049B40003CAC1 /* LaunchScreen.storyboard in Resources */,
			);
			runOnlyForDeploymentPostprocessing = 0;
		};
/* End PBXResourcesBuildPhase section */

/* Begin PBXSourcesBuildPhase section */
		6483FB482D8E9E5100E8EA20 /* Sources */ = {
			isa = PBXSourcesBuildPhase;
			buildActionMask = 2147483647;
			files = (
			);
			runOnlyForDeploymentPostprocessing = 0;
		};
/* End PBXSourcesBuildPhase section */

/* Begin PBXTargetDependency section */
		64F78A952D9787E600925FE8 /* PBXTargetDependency */ = {
			isa = PBXTargetDependency;
			productRef = 64F78A942D9787E600925FE8 /* Libsql */;
		};
/* End PBXTargetDependency section */

/* Begin XCBuildConfiguration section */
		6483FB582D8E9E5300E8EA20 /* Debug */ = {
			isa = XCBuildConfiguration;
			buildSettings = {
				ALWAYS_SEARCH_USER_PATHS = NO;
				ASSETCATALOG_COMPILER_GENERATE_SWIFT_ASSET_SYMBOL_EXTENSIONS = YES;
				CLANG_ANALYZER_NONNULL = YES;
				CLANG_ANALYZER_NUMBER_OBJECT_CONVERSION = YES_AGGRESSIVE;
				CLANG_CXX_LANGUAGE_STANDARD = "gnu++20";
				CLANG_ENABLE_MODULES = YES;
				CLANG_ENABLE_OBJC_ARC = YES;
				CLANG_ENABLE_OBJC_WEAK = YES;
				CLANG_WARN_BLOCK_CAPTURE_AUTORELEASING = YES;
				CLANG_WARN_BOOL_CONVERSION = YES;
				CLANG_WARN_COMMA = YES;
				CLANG_WARN_CONSTANT_CONVERSION = YES;
				CLANG_WARN_DEPRECATED_OBJC_IMPLEMENTATIONS = YES;
				CLANG_WARN_DIRECT_OBJC_ISA_USAGE = YES_ERROR;
				CLANG_WARN_DOCUMENTATION_COMMENTS = YES;
				CLANG_WARN_EMPTY_BODY = YES;
				CLANG_WARN_ENUM_CONVERSION = YES;
				CLANG_WARN_INFINITE_RECURSION = YES;
				CLANG_WARN_INT_CONVERSION = YES;
				CLANG_WARN_NON_LITERAL_NULL_CONVERSION = YES;
				CLANG_WARN_OBJC_IMPLICIT_RETAIN_SELF = YES;
				CLANG_WARN_OBJC_LITERAL_CONVERSION = YES;
				CLANG_WARN_OBJC_ROOT_CLASS = YES_ERROR;
				CLANG_WARN_QUOTED_INCLUDE_IN_FRAMEWORK_HEADER = YES;
				CLANG_WARN_RANGE_LOOP_ANALYSIS = YES;
				CLANG_WARN_STRICT_PROTOTYPES = YES;
				CLANG_WARN_SUSPICIOUS_MOVE = YES;
				CLANG_WARN_UNGUARDED_AVAILABILITY = YES_AGGRESSIVE;
				CLANG_WARN_UNREACHABLE_CODE = YES;
				CLANG_WARN__DUPLICATE_METHOD_MATCH = YES;
				COPY_PHASE_STRIP = NO;
				DEBUG_INFORMATION_FORMAT = dwarf;
				ENABLE_STRICT_OBJC_MSGSEND = YES;
				ENABLE_TESTABILITY = YES;
				ENABLE_USER_SCRIPT_SANDBOXING = YES;
				GCC_C_LANGUAGE_STANDARD = gnu17;
				GCC_DYNAMIC_NO_PIC = NO;
				GCC_NO_COMMON_BLOCKS = YES;
				GCC_OPTIMIZATION_LEVEL = 0;
				GCC_PREPROCESSOR_DEFINITIONS = (
					"DEBUG=1",
					"$(inherited)",
				);
				GCC_WARN_64_TO_32_BIT_CONVERSION = YES;
				GCC_WARN_ABOUT_RETURN_TYPE = YES_ERROR;
				GCC_WARN_UNDECLARED_SELECTOR = YES;
				GCC_WARN_UNINITIALIZED_AUTOS = YES_AGGRESSIVE;
				GCC_WARN_UNUSED_FUNCTION = YES;
				GCC_WARN_UNUSED_VARIABLE = YES;
				IPHONEOS_DEPLOYMENT_TARGET = 18.2;
				LOCALIZATION_PREFERS_STRING_CATALOGS = YES;
				MTL_ENABLE_DEBUG_INFO = INCLUDE_SOURCE;
				MTL_FAST_MATH = YES;
				ONLY_ACTIVE_ARCH = YES;
				SDKROOT = iphoneos;
				SWIFT_ACTIVE_COMPILATION_CONDITIONS = "DEBUG $(inherited)";
				SWIFT_OPTIMIZATION_LEVEL = "-Onone";
			};
			name = Debug;
		};
		6483FB592D8E9E5300E8EA20 /* Release */ = {
			isa = XCBuildConfiguration;
			buildSettings = {
				ALWAYS_SEARCH_USER_PATHS = NO;
				ASSETCATALOG_COMPILER_GENERATE_SWIFT_ASSET_SYMBOL_EXTENSIONS = YES;
				CLANG_ANALYZER_NONNULL = YES;
				CLANG_ANALYZER_NUMBER_OBJECT_CONVERSION = YES_AGGRESSIVE;
				CLANG_CXX_LANGUAGE_STANDARD = "gnu++20";
				CLANG_ENABLE_MODULES = YES;
				CLANG_ENABLE_OBJC_ARC = YES;
				CLANG_ENABLE_OBJC_WEAK = YES;
				CLANG_WARN_BLOCK_CAPTURE_AUTORELEASING = YES;
				CLANG_WARN_BOOL_CONVERSION = YES;
				CLANG_WARN_COMMA = YES;
				CLANG_WARN_CONSTANT_CONVERSION = YES;
				CLANG_WARN_DEPRECATED_OBJC_IMPLEMENTATIONS = YES;
				CLANG_WARN_DIRECT_OBJC_ISA_USAGE = YES_ERROR;
				CLANG_WARN_DOCUMENTATION_COMMENTS = YES;
				CLANG_WARN_EMPTY_BODY = YES;
				CLANG_WARN_ENUM_CONVERSION = YES;
				CLANG_WARN_INFINITE_RECURSION = YES;
				CLANG_WARN_INT_CONVERSION = YES;
				CLANG_WARN_NON_LITERAL_NULL_CONVERSION = YES;
				CLANG_WARN_OBJC_IMPLICIT_RETAIN_SELF = YES;
				CLANG_WARN_OBJC_LITERAL_CONVERSION = YES;
				CLANG_WARN_OBJC_ROOT_CLASS = YES_ERROR;
				CLANG_WARN_QUOTED_INCLUDE_IN_FRAMEWORK_HEADER = YES;
				CLANG_WARN_RANGE_LOOP_ANALYSIS = YES;
				CLANG_WARN_STRICT_PROTOTYPES = YES;
				CLANG_WARN_SUSPICIOUS_MOVE = YES;
				CLANG_WARN_UNGUARDED_AVAILABILITY = YES_AGGRESSIVE;
				CLANG_WARN_UNREACHABLE_CODE = YES;
				CLANG_WARN__DUPLICATE_METHOD_MATCH = YES;
				COPY_PHASE_STRIP = NO;
				DEBUG_INFORMATION_FORMAT = "dwarf-with-dsym";
				ENABLE_NS_ASSERTIONS = NO;
				ENABLE_STRICT_OBJC_MSGSEND = YES;
				ENABLE_USER_SCRIPT_SANDBOXING = YES;
				GCC_C_LANGUAGE_STANDARD = gnu17;
				GCC_NO_COMMON_BLOCKS = YES;
				GCC_WARN_64_TO_32_BIT_CONVERSION = YES;
				GCC_WARN_ABOUT_RETURN_TYPE = YES_ERROR;
				GCC_WARN_UNDECLARED_SELECTOR = YES;
				GCC_WARN_UNINITIALIZED_AUTOS = YES_AGGRESSIVE;
				GCC_WARN_UNUSED_FUNCTION = YES;
				GCC_WARN_UNUSED_VARIABLE = YES;
				IPHONEOS_DEPLOYMENT_TARGET = 18.2;
				LOCALIZATION_PREFERS_STRING_CATALOGS = YES;
				MTL_ENABLE_DEBUG_INFO = NO;
				MTL_FAST_MATH = YES;
				SDKROOT = iphoneos;
				SWIFT_COMPILATION_MODE = wholemodule;
				VALIDATE_PRODUCT = YES;
			};
			name = Release;
		};
		6483FB5B2D8E9E5300E8EA20 /* Debug */ = {
			isa = XCBuildConfiguration;
			buildSettings = {
				ASSETCATALOG_COMPILER_APPICON_NAME = AppIcon;
				ASSETCATALOG_COMPILER_GLOBAL_ACCENT_COLOR_NAME = AccentColor;
				CODE_SIGN_STYLE = Automatic;
				CURRENT_PROJECT_VERSION = 1;
				DEVELOPMENT_ASSET_PATHS = "\"NoteToSelf-v0_test/Preview Content\"";
				DEVELOPMENT_TEAM = VQ52465TU4;
				ENABLE_PREVIEWS = YES;
				GENERATE_INFOPLIST_FILE = YES;
				INFOPLIST_FILE = "NoteToSelf-v0-test-Info.plist";
				INFOPLIST_KEY_UIApplicationSceneManifest_Generation = YES;
				INFOPLIST_KEY_UIApplicationSupportsIndirectInputEvents = YES;
				INFOPLIST_KEY_UILaunchScreen_Generation = YES;
				INFOPLIST_KEY_UILaunchStoryboardName = LaunchScreen.storyboard;
				INFOPLIST_KEY_UIRequiresFullScreen = YES;
				INFOPLIST_KEY_UIStatusBarHidden = YES;
				INFOPLIST_KEY_UISupportedInterfaceOrientations = UIInterfaceOrientationPortrait;
				IPHONEOS_DEPLOYMENT_TARGET = 17.6;
				LD_RUNPATH_SEARCH_PATHS = (
					"$(inherited)",
					"@executable_path/Frameworks",
				);
				MARKETING_VERSION = 1.0;
				PRODUCT_BUNDLE_IDENTIFIER = "human-stories.NoteToSelf-v0-test";
				PRODUCT_NAME = "$(TARGET_NAME)";
				SWIFT_EMIT_LOC_STRINGS = YES;
				SWIFT_VERSION = 5.0;
				TARGETED_DEVICE_FAMILY = "1,2";
			};
			name = Debug;
		};
		6483FB5C2D8E9E5300E8EA20 /* Release */ = {
			isa = XCBuildConfiguration;
			buildSettings = {
				ASSETCATALOG_COMPILER_APPICON_NAME = AppIcon;
				ASSETCATALOG_COMPILER_GLOBAL_ACCENT_COLOR_NAME = AccentColor;
				CODE_SIGN_STYLE = Automatic;
				CURRENT_PROJECT_VERSION = 1;
				DEVELOPMENT_ASSET_PATHS = "\"NoteToSelf-v0_test/Preview Content\"";
				DEVELOPMENT_TEAM = VQ52465TU4;
				ENABLE_PREVIEWS = YES;
				GENERATE_INFOPLIST_FILE = YES;
				INFOPLIST_FILE = "NoteToSelf-v0-test-Info.plist";
				INFOPLIST_KEY_UIApplicationSceneManifest_Generation = YES;
				INFOPLIST_KEY_UIApplicationSupportsIndirectInputEvents = YES;
				INFOPLIST_KEY_UILaunchScreen_Generation = YES;
				INFOPLIST_KEY_UILaunchStoryboardName = LaunchScreen.storyboard;
				INFOPLIST_KEY_UIRequiresFullScreen = YES;
				INFOPLIST_KEY_UIStatusBarHidden = YES;
				INFOPLIST_KEY_UISupportedInterfaceOrientations = UIInterfaceOrientationPortrait;
				IPHONEOS_DEPLOYMENT_TARGET = 17.6;
				LD_RUNPATH_SEARCH_PATHS = (
					"$(inherited)",
					"@executable_path/Frameworks",
				);
				MARKETING_VERSION = 1.0;
				PRODUCT_BUNDLE_IDENTIFIER = "human-stories.NoteToSelf-v0-test";
				PRODUCT_NAME = "$(TARGET_NAME)";
				SWIFT_EMIT_LOC_STRINGS = YES;
				SWIFT_VERSION = 5.0;
				TARGETED_DEVICE_FAMILY = "1,2";
			};
			name = Release;
		};
/* End XCBuildConfiguration section */

/* Begin XCConfigurationList section */
		6483FB472D8E9E5100E8EA20 /* Build configuration list for PBXProject "NoteToSelf-v0_test" */ = {
			isa = XCConfigurationList;
			buildConfigurations = (
				6483FB582D8E9E5300E8EA20 /* Debug */,
				6483FB592D8E9E5300E8EA20 /* Release */,
			);
			defaultConfigurationIsVisible = 0;
			defaultConfigurationName = Release;
		};
		6483FB5A2D8E9E5300E8EA20 /* Build configuration list for PBXNativeTarget "NoteToSelf-v0_test" */ = {
			isa = XCConfigurationList;
			buildConfigurations = (
				6483FB5B2D8E9E5300E8EA20 /* Debug */,
				6483FB5C2D8E9E5300E8EA20 /* Release */,
			);
			defaultConfigurationIsVisible = 0;
			defaultConfigurationName = Release;
		};
/* End XCConfigurationList section */

/* Begin XCRemoteSwiftPackageReference section */
		64F78A912D9787AD00925FE8 /* XCRemoteSwiftPackageReference "libsql-swift" */ = {
			isa = XCRemoteSwiftPackageReference;
			repositoryURL = "https://github.com/tursodatabase/libsql-swift";
			requirement = {
				kind = upToNextMajorVersion;
				minimumVersion = 0.3.0;
			};
		};
		64F78B382D989BD700925FE8 /* XCRemoteSwiftPackageReference "swift-openai-responses" */ = {
			isa = XCRemoteSwiftPackageReference;
			repositoryURL = "https://github.com/m1guelpf/swift-openai-responses.git";
			requirement = {
				kind = upToNextMajorVersion;
				minimumVersion = 1.0.2;
			};
		};
/* End XCRemoteSwiftPackageReference section */

/* Begin XCSwiftPackageProductDependency section */
		64F78A922D9787AD00925FE8 /* Libsql */ = {
			isa = XCSwiftPackageProductDependency;
			package = 64F78A912D9787AD00925FE8 /* XCRemoteSwiftPackageReference "libsql-swift" */;
			productName = Libsql;
		};
		64F78A942D9787E600925FE8 /* Libsql */ = {
			isa = XCSwiftPackageProductDependency;
			package = 64F78A912D9787AD00925FE8 /* XCRemoteSwiftPackageReference "libsql-swift" */;
			productName = Libsql;
		};
		64F78B392D989BD700925FE8 /* OpenAI */ = {
			isa = XCSwiftPackageProductDependency;
			package = 64F78B382D989BD700925FE8 /* XCRemoteSwiftPackageReference "swift-openai-responses" */;
			productName = OpenAI;
		};
/* End XCSwiftPackageProductDependency section */
	};
	rootObject = 6483FB442D8E9E5100E8EA20 /* Project object */;
}
