{
  "originHash" : "9986f788ac4f5d51efb8001c2bd1083970b47fb17e3c4c43151610cdb2cd6f5d",
  "pins" : [
    {
      "identity" : "libsql-swift",
      "kind" : "remoteSourceControl",
      "location" : "https://github.com/tursodatabase/libsql-swift",
      "state" : {
        "revision" : "cdf29f593f880691b1ca291354c0fe4c7560b31c",
        "version" : "0.3.0"
      }
    }
  ],
  "version" : 3
}
